
Microsoft Visual Studio Solution File, Format Version 12.00
# Visual Studio Version 16
VisualStudioVersion = 16.0.31702.278
MinimumVisualStudioVersion = 10.0.40219.1
Project("{9A19103F-16F7-4668-BE54-9A1E7A4F7556}") = "LambdaS3", "LambdaS3\LambdaS3.csproj", "{52970797-027D-439F-A4A5-C2219C7A9A4A}"
EndProject
Global
	GlobalSection(SolutionConfigurationPlatforms) = preSolution
		Debug|Any CPU = Debug|Any CPU
		Release|Any CPU = Release|Any CPU
	EndGlobalSection
	GlobalSection(ProjectConfigurationPlatforms) = postSolution
		{52970797-027D-439F-A4A5-C2219C7A9A4A}.Debug|Any CPU.ActiveCfg = Debug|Any CPU
		{52970797-027D-439F-A4A5-C2219C7A9A4A}.Debug|Any CPU.Build.0 = Debug|Any CPU
		{52970797-027D-439F-A4A5-C2219C7A9A4A}.Release|Any CPU.ActiveCfg = Release|Any CPU
		{52970797-027D-439F-A4A5-C2219C7A9A4A}.Release|Any CPU.Build.0 = Release|Any CPU
	EndGlobalSection
	GlobalSection(SolutionProperties) = preSolution
		HideSolutionNode = FALSE
	EndGlobalSection
	GlobalSection(ExtensibilityGlobals) = postSolution
		SolutionGuid = {089A4877-28B5-4E95-876A-5F8505FF50A5}
	EndGlobalSection
EndGlobal
